// !$*UTF8*$!
{
	archiveVersion = 1;
	classes = {
	};
	objectVersion = 56;
	objects = {

/* Begin PBXBuildFile section */
		4F0F940429B000E900DD9C91 /* MusicByLocationApp.swift in Sources */ = {isa = PBXBuildFile; fileRef = 4F0F940329B000E900DD9C91 /* MusicByLocationApp.swift */; };
		4F0F940629B000E900DD9C91 /* ContentView.swift in Sources */ = {isa = PBXBuildFile; fileRef = 4F0F940529B000E900DD9C91 /* ContentView.swift */; };
		4F0F940829B000EA00DD9C91 /* Assets.xcassets in Resources */ = {isa = PBXBuildFile; fileRef = 4F0F940729B000EA00DD9C91 /* Assets.xcassets */; };
		4F0F940B29B000EA00DD9C91 /* Preview Assets.xcassets in Resources */ = {isa = PBXBuildFile; fileRef = 4F0F940A29B000EA00DD9C91 /* Preview Assets.xcassets */; };
		4F0F941529B000EB00DD9C91 /* MusicByLocationTests.swift in Sources */ = {isa = PBXBuildFile; fileRef = 4F0F941429B000EB00DD9C91 /* MusicByLocationTests.swift */; };
		4F0F941F29B000EB00DD9C91 /* MusicByLocationUITests.swift in Sources */ = {isa = PBXBuildFile; fileRef = 4F0F941E29B000EB00DD9C91 /* MusicByLocationUITests.swift */; };
		4F0F942129B000EB00DD9C91 /* MusicByLocationUITestsLaunchTests.swift in Sources */ = {isa = PBXBuildFile; fileRef = 4F0F942029B000EB00DD9C91 /* MusicByLocationUITestsLaunchTests.swift */; };
		4F0F942E29B001F300DD9C91 /* LocationHandler.swift in Sources */ = {isa = PBXBuildFile; fileRef = 4F0F942D29B001F300DD9C91 /* LocationHandler.swift */; };
		4F0F943129B29CE300DD9C91 /* CLPlacemark.swift in Sources */ = {isa = PBXBuildFile; fileRef = 4F0F943029B29CE300DD9C91 /* CLPlacemark.swift */; };
		4F0F943329B29E2400DD9C91 /* StateController.swift in Sources */ = {isa = PBXBuildFile; fileRef = 4F0F943229B29E2400DD9C91 /* StateController.swift */; };
		4F0F943629B2A2C900DD9C91 /* ArtistResponse.swift in Sources */ = {isa = PBXBuildFile; fileRef = 4F0F943529B2A2C900DD9C91 /* ArtistResponse.swift */; };
		4F0F943829B2A2F100DD9C91 /* Artist.swift in Sources */ = {isa = PBXBuildFile; fileRef = 4F0F943729B2A2F100DD9C91 /* Artist.swift */; };
/* End PBXBuildFile section */

/* Begin PBXContainerItemProxy section */
		4F0F941129B000EB00DD9C91 /* PBXContainerItemProxy */ = {
			isa = PBXContainerItemProxy;
			containerPortal = 4F0F93F829B000E900DD9C91 /* Project object */;
			proxyType = 1;
			remoteGlobalIDString = 4F0F93FF29B000E900DD9C91;
			remoteInfo = MusicByLocation;
		};
		4F0F941B29B000EB00DD9C91 /* PBXContainerItemProxy */ = {
			isa = PBXContainerItemProxy;
			containerPortal = 4F0F93F829B000E900DD9C91 /* Project object */;
			proxyType = 1;
			remoteGlobalIDString = 4F0F93FF29B000E900DD9C91;
			remoteInfo = MusicByLocation;
		};
/* End PBXContainerItemProxy section */

/* Begin PBXFileReference section */
		4F0F940029B000E900DD9C91 /* MusicByLocation.app */ = {isa = PBXFileReference; explicitFileType = wrapper.application; includeInIndex = 0; path = MusicByLocation.app; sourceTree = BUILT_PRODUCTS_DIR; };
		4F0F940329B000E900DD9C91 /* MusicByLocationApp.swift */ = {isa = PBXFileReference; lastKnownFileType = sourcecode.swift; path = MusicByLocationApp.swift; sourceTree = "<group>"; };
		4F0F940529B000E900DD9C91 /* ContentView.swift */ = {isa = PBXFileReference; lastKnownFileType = sourcecode.swift; path = ContentView.swift; sourceTree = "<group>"; };
		4F0F940729B000EA00DD9C91 /* Assets.xcassets */ = {isa = PBXFileReference; lastKnownFileType = folder.assetcatalog; path = Assets.xcassets; sourceTree = "<group>"; };
		4F0F940A29B000EA00DD9C91 /* Preview Assets.xcassets */ = {isa = PBXFileReference; lastKnownFileType = folder.assetcatalog; path = "Preview Assets.xcassets"; sourceTree = "<group>"; };
		4F0F941029B000EB00DD9C91 /* MusicByLocationTests.xctest */ = {isa = PBXFileReference; explicitFileType = wrapper.cfbundle; includeInIndex = 0; path = MusicByLocationTests.xctest; sourceTree = BUILT_PRODUCTS_DIR; };
		4F0F941429B000EB00DD9C91 /* MusicByLocationTests.swift */ = {isa = PBXFileReference; lastKnownFileType = sourcecode.swift; path = MusicByLocationTests.swift; sourceTree = "<group>"; };
		4F0F941A29B000EB00DD9C91 /* MusicByLocationUITests.xctest */ = {isa = PBXFileReference; explicitFileType = wrapper.cfbundle; includeInIndex = 0; path = MusicByLocationUITests.xctest; sourceTree = BUILT_PRODUCTS_DIR; };
		4F0F941E29B000EB00DD9C91 /* MusicByLocationUITests.swift */ = {isa = PBXFileReference; lastKnownFileType = sourcecode.swift; path = MusicByLocationUITests.swift; sourceTree = "<group>"; };
		4F0F942029B000EB00DD9C91 /* MusicByLocationUITestsLaunchTests.swift */ = {isa = PBXFileReference; lastKnownFileType = sourcecode.swift; path = MusicByLocationUITestsLaunchTests.swift; sourceTree = "<group>"; };
		4F0F942D29B001F300DD9C91 /* LocationHandler.swift */ = {isa = PBXFileReference; lastKnownFileType = sourcecode.swift; path = LocationHandler.swift; sourceTree = "<group>"; };
		4F0F943029B29CE300DD9C91 /* CLPlacemark.swift */ = {isa = PBXFileReference; lastKnownFileType = sourcecode.swift; path = CLPlacemark.swift; sourceTree = "<group>"; };
		4F0F943229B29E2400DD9C91 /* StateController.swift */ = {isa = PBXFileReference; lastKnownFileType = sourcecode.swift; path = StateController.swift; sourceTree = "<group>"; };
		4F0F943529B2A2C900DD9C91 /* ArtistResponse.swift */ = {isa = PBXFileReference; lastKnownFileType = sourcecode.swift; path = ArtistResponse.swift; sourceTree = "<group>"; };
		4F0F943729B2A2F100DD9C91 /* Artist.swift */ = {isa = PBXFileReference; lastKnownFileType = sourcecode.swift; path = Artist.swift; sourceTree = "<group>"; };
/* End PBXFileReference section */

/* Begin PBXFrameworksBuildPhase section */
		4F0F93FD29B000E900DD9C91 /* Frameworks */ = {
			isa = PBXFrameworksBuildPhase;
			buildActionMask = 2147483647;
			files = (
			);
			runOnlyForDeploymentPostprocessing = 0;
		};
		4F0F940D29B000EB00DD9C91 /* Frameworks */ = {
			isa = PBXFrameworksBuildPhase;
			buildActionMask = 2147483647;
			files = (
			);
			runOnlyForDeploymentPostprocessing = 0;
		};
		4F0F941729B000EB00DD9C91 /* Frameworks */ = {
			isa = PBXFrameworksBuildPhase;
			buildActionMask = 2147483647;
			files = (
			);
			runOnlyForDeploymentPostprocessing = 0;
		};
/* End PBXFrameworksBuildPhase section */

/* Begin PBXGroup section */
		4F0F93F729B000E900DD9C91 = {
			isa = PBXGroup;
			children = (
				4F0F940229B000E900DD9C91 /* MusicByLocation */,
				4F0F941329B000EB00DD9C91 /* MusicByLocationTests */,
				4F0F941D29B000EB00DD9C91 /* MusicByLocationUITests */,
				4F0F940129B000E900DD9C91 /* Products */,
			);
			sourceTree = "<group>";
		};
		4F0F940129B000E900DD9C91 /* Products */ = {
			isa = PBXGroup;
			children = (
				4F0F940029B000E900DD9C91 /* MusicByLocation.app */,
				4F0F941029B000EB00DD9C91 /* MusicByLocationTests.xctest */,
				4F0F941A29B000EB00DD9C91 /* MusicByLocationUITests.xctest */,
			);
			name = Products;
			sourceTree = "<group>";
		};
		4F0F940229B000E900DD9C91 /* MusicByLocation */ = {
			isa = PBXGroup;
			children = (
				4F0F943429B2A2B400DD9C91 /* Model */,
				4F0F942F29B29CD200DD9C91 /* Extensions */,
				4F0F940329B000E900DD9C91 /* MusicByLocationApp.swift */,
				4F0F940529B000E900DD9C91 /* ContentView.swift */,
				4F0F940729B000EA00DD9C91 /* Assets.xcassets */,
				4F0F940929B000EA00DD9C91 /* Preview Content */,
				4F0F942D29B001F300DD9C91 /* LocationHandler.swift */,
				4F0F943229B29E2400DD9C91 /* StateController.swift */,
			);
			path = MusicByLocation;
			sourceTree = "<group>";
		};
		4F0F940929B000EA00DD9C91 /* Preview Content */ = {
			isa = PBXGroup;
			children = (
				4F0F940A29B000EA00DD9C91 /* Preview Assets.xcassets */,
			);
			path = "Preview Content";
			sourceTree = "<group>";
		};
		4F0F941329B000EB00DD9C91 /* MusicByLocationTests */ = {
			isa = PBXGroup;
			children = (
				4F0F941429B000EB00DD9C91 /* MusicByLocationTests.swift */,
			);
			path = MusicByLocationTests;
			sourceTree = "<group>";
		};
		4F0F941D29B000EB00DD9C91 /* MusicByLocationUITests */ = {
			isa = PBXGroup;
			children = (
				4F0F941E29B000EB00DD9C91 /* MusicByLocationUITests.swift */,
				4F0F942029B000EB00DD9C91 /* MusicByLocationUITestsLaunchTests.swift */,
			);
			path = MusicByLocationUITests;
			sourceTree = "<group>";
		};
		4F0F942F29B29CD200DD9C91 /* Extensions */ = {
			isa = PBXGroup;
			children = (
				4F0F943029B29CE300DD9C91 /* CLPlacemark.swift */,
			);
			path = Extensions;
			sourceTree = "<group>";
		};
		4F0F943429B2A2B400DD9C91 /* Model */ = {
			isa = PBXGroup;
			children = (
				4F0F943529B2A2C900DD9C91 /* ArtistResponse.swift */,
				4F0F943729B2A2F100DD9C91 /* Artist.swift */,
			);
			path = Model;
			sourceTree = "<group>";
		};
/* End PBXGroup section */

/* Begin PBXNativeTarget section */
		4F0F93FF29B000E900DD9C91 /* MusicByLocation */ = {
			isa = PBXNativeTarget;
			buildConfigurationList = 4F0F942429B000EB00DD9C91 /* Build configuration list for PBXNativeTarget "MusicByLocation" */;
			buildPhases = (
				4F0F93FC29B000E900DD9C91 /* Sources */,
				4F0F93FD29B000E900DD9C91 /* Frameworks */,
				4F0F93FE29B000E900DD9C91 /* Resources */,
			);
			buildRules = (
			);
			dependencies = (
			);
			name = MusicByLocation;
			productName = MusicByLocation;
			productReference = 4F0F940029B000E900DD9C91 /* MusicByLocation.app */;
			productType = "com.apple.product-type.application";
		};
		4F0F940F29B000EB00DD9C91 /* MusicByLocationTests */ = {
			isa = PBXNativeTarget;
			buildConfigurationList = 4F0F942729B000EB00DD9C91 /* Build configuration list for PBXNativeTarget "MusicByLocationTests" */;
			buildPhases = (
				4F0F940C29B000EB00DD9C91 /* Sources */,
				4F0F940D29B000EB00DD9C91 /* Frameworks */,
				4F0F940E29B000EB00DD9C91 /* Resources */,
			);
			buildRules = (
			);
			dependencies = (
				4F0F941229B000EB00DD9C91 /* PBXTargetDependency */,
			);
			name = MusicByLocationTests;
			productName = MusicByLocationTests;
			productReference = 4F0F941029B000EB00DD9C91 /* MusicByLocationTests.xctest */;
			productType = "com.apple.product-type.bundle.unit-test";
		};
		4F0F941929B000EB00DD9C91 /* MusicByLocationUITests */ = {
			isa = PBXNativeTarget;
			buildConfigurationList = 4F0F942A29B000EB00DD9C91 /* Build configuration list for PBXNativeTarget "MusicByLocationUITests" */;
			buildPhases = (
				4F0F941629B000EB00DD9C91 /* Sources */,
				4F0F941729B000EB00DD9C91 /* Frameworks */,
				4F0F941829B000EB00DD9C91 /* Resources */,
			);
			buildRules = (
			);
			dependencies = (
				4F0F941C29B000EB00DD9C91 /* PBXTargetDependency */,
			);
			name = MusicByLocationUITests;
			productName = MusicByLocationUITests;
			productReference = 4F0F941A29B000EB00DD9C91 /* MusicByLocationUITests.xctest */;
			productType = "com.apple.product-type.bundle.ui-testing";
		};
/* End PBXNativeTarget section */

/* Begin PBXProject section */
		4F0F93F829B000E900DD9C91 /* Project object */ = {
			isa = PBXProject;
			attributes = {
				BuildIndependentTargetsInParallel = 1;
				LastSwiftUpdateCheck = 1420;
				LastUpgradeCheck = 1420;
				TargetAttributes = {
					4F0F93FF29B000E900DD9C91 = {
						CreatedOnToolsVersion = 14.2;
					};
					4F0F940F29B000EB00DD9C91 = {
						CreatedOnToolsVersion = 14.2;
						TestTargetID = 4F0F93FF29B000E900DD9C91;
					};
					4F0F941929B000EB00DD9C91 = {
						CreatedOnToolsVersion = 14.2;
						TestTargetID = 4F0F93FF29B000E900DD9C91;
					};
				};
			};
			buildConfigurationList = 4F0F93FB29B000E900DD9C91 /* Build configuration list for PBXProject "MusicByLocation" */;
			compatibilityVersion = "Xcode 14.0";
			developmentRegion = en;
			hasScannedForEncodings = 0;
			knownRegions = (
				en,
				Base,
			);
			mainGroup = 4F0F93F729B000E900DD9C91;
			productRefGroup = 4F0F940129B000E900DD9C91 /* Products */;
			projectDirPath = "";
			projectRoot = "";
			targets = (
				4F0F93FF29B000E900DD9C91 /* MusicByLocation */,
				4F0F940F29B000EB00DD9C91 /* MusicByLocationTests */,
				4F0F941929B000EB00DD9C91 /* MusicByLocationUITests */,
			);
		};
/* End PBXProject section */

/* Begin PBXResourcesBuildPhase section */
		4F0F93FE29B000E900DD9C91 /* Resources */ = {
			isa = PBXResourcesBuildPhase;
			buildActionMask = 2147483647;
			files = (
				4F0F940B29B000EA00DD9C91 /* Preview Assets.xcassets in Resources */,
				4F0F940829B000EA00DD9C91 /* Assets.xcassets in Resources */,
			);
			runOnlyForDeploymentPostprocessing = 0;
		};
		4F0F940E29B000EB00DD9C91 /* Resources */ = {
			isa = PBXResourcesBuildPhase;
			buildActionMask = 2147483647;
			files = (
			);
			runOnlyForDeploymentPostprocessing = 0;
		};
		4F0F941829B000EB00DD9C91 /* Resources */ = {
			isa = PBXResourcesBuildPhase;
			buildActionMask = 2147483647;
			files = (
			);
			runOnlyForDeploymentPostprocessing = 0;
		};
/* End PBXResourcesBuildPhase section */

/* Begin PBXSourcesBuildPhase section */
		4F0F93FC29B000E900DD9C91 /* Sources */ = {
			isa = PBXSourcesBuildPhase;
			buildActionMask = 2147483647;
			files = (
				4F0F942E29B001F300DD9C91 /* LocationHandler.swift in Sources */,
				4F0F940629B000E900DD9C91 /* ContentView.swift in Sources */,
				4F0F940429B000E900DD9C91 /* MusicByLocationApp.swift in Sources */,
				4F0F943129B29CE300DD9C91 /* CLPlacemark.swift in Sources */,
				4F0F943329B29E2400DD9C91 /* StateController.swift in Sources */,
				4F0F943629B2A2C900DD9C91 /* ArtistResponse.swift in Sources */,
				4F0F943829B2A2F100DD9C91 /* Artist.swift in Sources */,
			);
			runOnlyForDeploymentPostprocessing = 0;
		};
		4F0F940C29B000EB00DD9C91 /* Sources */ = {
			isa = PBXSourcesBuildPhase;
			buildActionMask = 2147483647;
			files = (
				4F0F941529B000EB00DD9C91 /* MusicByLocationTests.swift in Sources */,
			);
			runOnlyForDeploymentPostprocessing = 0;
		};
		4F0F941629B000EB00DD9C91 /* Sources */ = {
			isa = PBXSourcesBuildPhase;
			buildActionMask = 2147483647;
			files = (
				4F0F942129B000EB00DD9C91 /* MusicByLocationUITestsLaunchTests.swift in Sources */,
				4F0F941F29B000EB00DD9C91 /* MusicByLocationUITests.swift in Sources */,
			);
			runOnlyForDeploymentPostprocessing = 0;
		};
/* End PBXSourcesBuildPhase section */

/* Begin PBXTargetDependency section */
		4F0F941229B000EB00DD9C91 /* PBXTargetDependency */ = {
			isa = PBXTargetDependency;
			target = 4F0F93FF29B000E900DD9C91 /* MusicByLocation */;
			targetProxy = 4F0F941129B000EB00DD9C91 /* PBXContainerItemProxy */;
		};
		4F0F941C29B000EB00DD9C91 /* PBXTargetDependency */ = {
			isa = PBXTargetDependency;
			target = 4F0F93FF29B000E900DD9C91 /* MusicByLocation */;
			targetProxy = 4F0F941B29B000EB00DD9C91 /* PBXContainerItemProxy */;
		};
/* End PBXTargetDependency section */

/* Begin XCBuildConfiguration section */
		4F0F942229B000EB00DD9C91 /* Debug */ = {
			isa = XCBuildConfiguration;
			buildSettings = {
				ALWAYS_SEARCH_USER_PATHS = NO;
				CLANG_ANALYZER_NONNULL = YES;
				CLANG_ANALYZER_NUMBER_OBJECT_CONVERSION = YES_AGGRESSIVE;
				CLANG_CXX_LANGUAGE_STANDARD = "gnu++20";
				CLANG_ENABLE_MODULES = YES;
				CLANG_ENABLE_OBJC_ARC = YES;
				CLANG_ENABLE_OBJC_WEAK = YES;
				CLANG_WARN_BLOCK_CAPTURE_AUTORELEASING = YES;
				CLANG_WARN_BOOL_CONVERSION = YES;
				CLANG_WARN_COMMA = YES;
				CLANG_WARN_CONSTANT_CONVERSION = YES;
				CLANG_WARN_DEPRECATED_OBJC_IMPLEMENTATIONS = YES;
				CLANG_WARN_DIRECT_OBJC_ISA_USAGE = YES_ERROR;
				CLANG_WARN_DOCUMENTATION_COMMENTS = YES;
				CLANG_WARN_EMPTY_BODY = YES;
				CLANG_WARN_ENUM_CONVERSION = YES;
				CLANG_WARN_INFINITE_RECURSION = YES;
				CLANG_WARN_INT_CONVERSION = YES;
				CLANG_WARN_NON_LITERAL_NULL_CONVERSION = YES;
				CLANG_WARN_OBJC_IMPLICIT_RETAIN_SELF = YES;
				CLANG_WARN_OBJC_LITERAL_CONVERSION = YES;
				CLANG_WARN_OBJC_ROOT_CLASS = YES_ERROR;
				CLANG_WARN_QUOTED_INCLUDE_IN_FRAMEWORK_HEADER = YES;
				CLANG_WARN_RANGE_LOOP_ANALYSIS = YES;
				CLANG_WARN_STRICT_PROTOTYPES = YES;
				CLANG_WARN_SUSPICIOUS_MOVE = YES;
				CLANG_WARN_UNGUARDED_AVAILABILITY = YES_AGGRESSIVE;
				CLANG_WARN_UNREACHABLE_CODE = YES;
				CLANG_WARN__DUPLICATE_METHOD_MATCH = YES;
				COPY_PHASE_STRIP = NO;
				DEBUG_INFORMATION_FORMAT = dwarf;
				ENABLE_STRICT_OBJC_MSGSEND = YES;
				ENABLE_TESTABILITY = YES;
				GCC_C_LANGUAGE_STANDARD = gnu11;
				GCC_DYNAMIC_NO_PIC = NO;
				GCC_NO_COMMON_BLOCKS = YES;
				GCC_OPTIMIZATION_LEVEL = 0;
				GCC_PREPROCESSOR_DEFINITIONS = (
					"DEBUG=1",
					"$(inherited)",
				);
				GCC_WARN_64_TO_32_BIT_CONVERSION = YES;
				GCC_WARN_ABOUT_RETURN_TYPE = YES_ERROR;
				GCC_WARN_UNDECLARED_SELECTOR = YES;
				GCC_WARN_UNINITIALIZED_AUTOS = YES_AGGRESSIVE;
				GCC_WARN_UNUSED_FUNCTION = YES;
				GCC_WARN_UNUSED_VARIABLE = YES;
				IPHONEOS_DEPLOYMENT_TARGET = 16.2;
				MTL_ENABLE_DEBUG_INFO = INCLUDE_SOURCE;
				MTL_FAST_MATH = YES;
				ONLY_ACTIVE_ARCH = YES;
				SDKROOT = iphoneos;
				SWIFT_ACTIVE_COMPILATION_CONDITIONS = DEBUG;
				SWIFT_OPTIMIZATION_LEVEL = "-Onone";
			};
			name = Debug;
		};
		4F0F942329B000EB00DD9C91 /* Release */ = {
			isa = XCBuildConfiguration;
			buildSettings = {
				ALWAYS_SEARCH_USER_PATHS = NO;
				CLANG_ANALYZER_NONNULL = YES;
				CLANG_ANALYZER_NUMBER_OBJECT_CONVERSION = YES_AGGRESSIVE;
				CLANG_CXX_LANGUAGE_STANDARD = "gnu++20";
				CLANG_ENABLE_MODULES = YES;
				CLANG_ENABLE_OBJC_ARC = YES;
				CLANG_ENABLE_OBJC_WEAK = YES;
				CLANG_WARN_BLOCK_CAPTURE_AUTORELEASING = YES;
				CLANG_WARN_BOOL_CONVERSION = YES;
				CLANG_WARN_COMMA = YES;
				CLANG_WARN_CONSTANT_CONVERSION = YES;
				CLANG_WARN_DEPRECATED_OBJC_IMPLEMENTATIONS = YES;
				CLANG_WARN_DIRECT_OBJC_ISA_USAGE = YES_ERROR;
				CLANG_WARN_DOCUMENTATION_COMMENTS = YES;
				CLANG_WARN_EMPTY_BODY = YES;
				CLANG_WARN_ENUM_CONVERSION = YES;
				CLANG_WARN_INFINITE_RECURSION = YES;
				CLANG_WARN_INT_CONVERSION = YES;
				CLANG_WARN_NON_LITERAL_NULL_CONVERSION = YES;
				CLANG_WARN_OBJC_IMPLICIT_RETAIN_SELF = YES;
				CLANG_WARN_OBJC_LITERAL_CONVERSION = YES;
				CLANG_WARN_OBJC_ROOT_CLASS = YES_ERROR;
				CLANG_WARN_QUOTED_INCLUDE_IN_FRAMEWORK_HEADER = YES;
				CLANG_WARN_RANGE_LOOP_ANALYSIS = YES;
				CLANG_WARN_STRICT_PROTOTYPES = YES;
				CLANG_WARN_SUSPICIOUS_MOVE = YES;
				CLANG_WARN_UNGUARDED_AVAILABILITY = YES_AGGRESSIVE;
				CLANG_WARN_UNREACHABLE_CODE = YES;
				CLANG_WARN__DUPLICATE_METHOD_MATCH = YES;
				COPY_PHASE_STRIP = NO;
				DEBUG_INFORMATION_FORMAT = "dwarf-with-dsym";
				ENABLE_NS_ASSERTIONS = NO;
				ENABLE_STRICT_OBJC_MSGSEND = YES;
				GCC_C_LANGUAGE_STANDARD = gnu11;
				GCC_NO_COMMON_BLOCKS = YES;
				GCC_WARN_64_TO_32_BIT_CONVERSION = YES;
				GCC_WARN_ABOUT_RETURN_TYPE = YES_ERROR;
				GCC_WARN_UNDECLARED_SELECTOR = YES;
				GCC_WARN_UNINITIALIZED_AUTOS = YES_AGGRESSIVE;
				GCC_WARN_UNUSED_FUNCTION = YES;
				GCC_WARN_UNUSED_VARIABLE = YES;
				IPHONEOS_DEPLOYMENT_TARGET = 16.2;
				MTL_ENABLE_DEBUG_INFO = NO;
				MTL_FAST_MATH = YES;
				SDKROOT = iphoneos;
				SWIFT_COMPILATION_MODE = wholemodule;
				SWIFT_OPTIMIZATION_LEVEL = "-O";
				VALIDATE_PRODUCT = YES;
			};
			name = Release;
		};
		4F0F942529B000EB00DD9C91 /* Debug */ = {
			isa = XCBuildConfiguration;
			buildSettings = {
				ASSETCATALOG_COMPILER_APPICON_NAME = AppIcon;
				ASSETCATALOG_COMPILER_GLOBAL_ACCENT_COLOR_NAME = AccentColor;
				CODE_SIGN_STYLE = Automatic;
				CURRENT_PROJECT_VERSION = 1;
				DEVELOPMENT_ASSET_PATHS = "\"MusicByLocation/Preview Content\"";
				ENABLE_PREVIEWS = YES;
				GENERATE_INFOPLIST_FILE = YES;
				INFOPLIST_KEY_NSLocationWhenInUseUsageDescription = "This app needs your location to find your favourite songs!";
				INFOPLIST_KEY_UIApplicationSceneManifest_Generation = YES;
				INFOPLIST_KEY_UIApplicationSupportsIndirectInputEvents = YES;
				INFOPLIST_KEY_UILaunchScreen_Generation = YES;
				INFOPLIST_KEY_UISupportedInterfaceOrientations_iPad = "UIInterfaceOrientationPortrait UIInterfaceOrientationPortraitUpsideDown UIInterfaceOrientationLandscapeLeft UIInterfaceOrientationLandscapeRight";
				INFOPLIST_KEY_UISupportedInterfaceOrientations_iPhone = "UIInterfaceOrientationPortrait UIInterfaceOrientationLandscapeLeft UIInterfaceOrientationLandscapeRight";
				LD_RUNPATH_SEARCH_PATHS = (
					"$(inherited)",
					"@executable_path/Frameworks",
				);
				MARKETING_VERSION = 1.0;
				PRODUCT_BUNDLE_IDENTIFIER = com.lysanderme.MusicByLocation;
				PRODUCT_NAME = "$(TARGET_NAME)";
				SWIFT_EMIT_LOC_STRINGS = YES;
				SWIFT_VERSION = 5.0;
				TARGETED_DEVICE_FAMILY = "1,2";
			};
			name = Debug;
		};
		4F0F942629B000EB00DD9C91 /* Release */ = {
			isa = XCBuildConfiguration;
			buildSettings = {
				ASSETCATALOG_COMPILER_APPICON_NAME = AppIcon;
				ASSETCATALOG_COMPILER_GLOBAL_ACCENT_COLOR_NAME = AccentColor;
				CODE_SIGN_STYLE = Automatic;
				CURRENT_PROJECT_VERSION = 1;
				DEVELOPMENT_ASSET_PATHS = "\"MusicByLocation/Preview Content\"";
				ENABLE_PREVIEWS = YES;
				GENERATE_INFOPLIST_FILE = YES;
				INFOPLIST_KEY_NSLocationWhenInUseUsageDescription = "This app needs your location to find your favourite songs!";
				INFOPLIST_KEY_UIApplicationSceneManifest_Generation = YES;
				INFOPLIST_KEY_UIApplicationSupportsIndirectInputEvents = YES;
				INFOPLIST_KEY_UILaunchScreen_Generation = YES;
				INFOPLIST_KEY_UISupportedInterfaceOrientations_iPad = "UIInterfaceOrientationPortrait UIInterfaceOrientationPortraitUpsideDown UIInterfaceOrientationLandscapeLeft UIInterfaceOrientationLandscapeRight";
				INFOPLIST_KEY_UISupportedInterfaceOrientations_iPhone = "UIInterfaceOrientationPortrait UIInterfaceOrientationLandscapeLeft UIInterfaceOrientationLandscapeRight";
				LD_RUNPATH_SEARCH_PATHS = (
					"$(inherited)",
					"@executable_path/Frameworks",
				);
				MARKETING_VERSION = 1.0;
				PRODUCT_BUNDLE_IDENTIFIER = com.lysanderme.MusicByLocation;
				PRODUCT_NAME = "$(TARGET_NAME)";
				SWIFT_EMIT_LOC_STRINGS = YES;
				SWIFT_VERSION = 5.0;
				TARGETED_DEVICE_FAMILY = "1,2";
			};
			name = Release;
		};
		4F0F942829B000EB00DD9C91 /* Debug */ = {
			isa = XCBuildConfiguration;
			buildSettings = {
				ALWAYS_EMBED_SWIFT_STANDARD_LIBRARIES = YES;
				BUNDLE_LOADER = "$(TEST_HOST)";
				CODE_SIGN_STYLE = Automatic;
				CURRENT_PROJECT_VERSION = 1;
				GENERATE_INFOPLIST_FILE = YES;
				IPHONEOS_DEPLOYMENT_TARGET = 16.2;
				MARKETING_VERSION = 1.0;
				PRODUCT_BUNDLE_IDENTIFIER = com.lysanderme.MusicByLocationTests;
				PRODUCT_NAME = "$(TARGET_NAME)";
				SWIFT_EMIT_LOC_STRINGS = NO;
				SWIFT_VERSION = 5.0;
				TARGETED_DEVICE_FAMILY = "1,2";
				TEST_HOST = "$(BUILT_PRODUCTS_DIR)/MusicByLocation.app/$(BUNDLE_EXECUTABLE_FOLDER_PATH)/MusicByLocation";
			};
			name = Debug;
		};
		4F0F942929B000EB00DD9C91 /* Release */ = {
			isa = XCBuildConfiguration;
			buildSettings = {
				ALWAYS_EMBED_SWIFT_STANDARD_LIBRARIES = YES;
				BUNDLE_LOADER = "$(TEST_HOST)";
				CODE_SIGN_STYLE = Automatic;
				CURRENT_PROJECT_VERSION = 1;
				GENERATE_INFOPLIST_FILE = YES;
				IPHONEOS_DEPLOYMENT_TARGET = 16.2;
				MARKETING_VERSION = 1.0;
				PRODUCT_BUNDLE_IDENTIFIER = com.lysanderme.MusicByLocationTests;
				PRODUCT_NAME = "$(TARGET_NAME)";
				SWIFT_EMIT_LOC_STRINGS = NO;
				SWIFT_VERSION = 5.0;
				TARGETED_DEVICE_FAMILY = "1,2";
				TEST_HOST = "$(BUILT_PRODUCTS_DIR)/MusicByLocation.app/$(BUNDLE_EXECUTABLE_FOLDER_PATH)/MusicByLocation";
			};
			name = Release;
		};
		4F0F942B29B000EB00DD9C91 /* Debug */ = {
			isa = XCBuildConfiguration;
			buildSettings = {
				ALWAYS_EMBED_SWIFT_STANDARD_LIBRARIES = YES;
				CODE_SIGN_STYLE = Automatic;
				CURRENT_PROJECT_VERSION = 1;
				GENERATE_INFOPLIST_FILE = YES;
				MARKETING_VERSION = 1.0;
				PRODUCT_BUNDLE_IDENTIFIER = com.lysanderme.MusicByLocationUITests;
				PRODUCT_NAME = "$(TARGET_NAME)";
				SWIFT_EMIT_LOC_STRINGS = NO;
				SWIFT_VERSION = 5.0;
				TARGETED_DEVICE_FAMILY = "1,2";
				TEST_TARGET_NAME = MusicByLocation;
			};
			name = Debug;
		};
		4F0F942C29B000EB00DD9C91 /* Release */ = {
			isa = XCBuildConfiguration;
			buildSettings = {
				ALWAYS_EMBED_SWIFT_STANDARD_LIBRARIES = YES;
				CODE_SIGN_STYLE = Automatic;
				CURRENT_PROJECT_VERSION = 1;
				GENERATE_INFOPLIST_FILE = YES;
				MARKETING_VERSION = 1.0;
				PRODUCT_BUNDLE_IDENTIFIER = com.lysanderme.MusicByLocationUITests;
				PRODUCT_NAME = "$(TARGET_NAME)";
				SWIFT_EMIT_LOC_STRINGS = NO;
				SWIFT_VERSION = 5.0;
				TARGETED_DEVICE_FAMILY = "1,2";
				TEST_TARGET_NAME = MusicByLocation;
			};
			name = Release;
		};
/* End XCBuildConfiguration section */

/* Begin XCConfigurationList section */
		4F0F93FB29B000E900DD9C91 /* Build configuration list for PBXProject "MusicByLocation" */ = {
			isa = XCConfigurationList;
			buildConfigurations = (
				4F0F942229B000EB00DD9C91 /* Debug */,
				4F0F942329B000EB00DD9C91 /* Release */,
			);
			defaultConfigurationIsVisible = 0;
			defaultConfigurationName = Release;
		};
		4F0F942429B000EB00DD9C91 /* Build configuration list for PBXNativeTarget "MusicByLocation" */ = {
			isa = XCConfigurationList;
			buildConfigurations = (
				4F0F942529B000EB00DD9C91 /* Debug */,
				4F0F942629B000EB00DD9C91 /* Release */,
			);
			defaultConfigurationIsVisible = 0;
			defaultConfigurationName = Release;
		};
		4F0F942729B000EB00DD9C91 /* Build configuration list for PBXNativeTarget "MusicByLocationTests" */ = {
			isa = XCConfigurationList;
			buildConfigurations = (
				4F0F942829B000EB00DD9C91 /* Debug */,
				4F0F942929B000EB00DD9C91 /* Release */,
			);
			defaultConfigurationIsVisible = 0;
			defaultConfigurationName = Release;
		};
		4F0F942A29B000EB00DD9C91 /* Build configuration list for PBXNativeTarget "MusicByLocationUITests" */ = {
			isa = XCConfigurationList;
			buildConfigurations = (
				4F0F942B29B000EB00DD9C91 /* Debug */,
				4F0F942C29B000EB00DD9C91 /* Release */,
			);
			defaultConfigurationIsVisible = 0;
			defaultConfigurationName = Release;
		};
/* End XCConfigurationList section */
	};
	rootObject = 4F0F93F829B000E900DD9C91 /* Project object */;
}
